
Microsoft Visual Studio Solution File, Format Version 12.00
# Visual Studio Version 16
VisualStudioVersion = 16.0.30225.117
MinimumVisualStudioVersion = 10.0.40219.1
Project("{FAE04EC0-301F-11D3-BF4B-00C04F79EFBC}") = "WebAPIAuthAndJWT", "WebAPIAuthAndJWT\WebAPIAuthAndJWT.csproj", "{78D32B78-A24E-4262-8BF6-3E7B43E4627A}"
EndProject
Global
	GlobalSection(SolutionConfigurationPlatforms) = preSolution
		Debug|Any CPU = Debug|Any CPU
		Release|Any CPU = Release|Any CPU
	EndGlobalSection
	GlobalSection(ProjectConfigurationPlatforms) = postSolution
		{78D32B78-A24E-4262-8BF6-3E7B43E4627A}.Debug|Any CPU.ActiveCfg = Debug|Any CPU
		{78D32B78-A24E-4262-8BF6-3E7B43E4627A}.Debug|Any CPU.Build.0 = Debug|Any CPU
		{78D32B78-A24E-4262-8BF6-3E7B43E4627A}.Release|Any CPU.ActiveCfg = Release|Any CPU
		{78D32B78-A24E-4262-8BF6-3E7B43E4627A}.Release|Any CPU.Build.0 = Release|Any CPU
	EndGlobalSection
	GlobalSection(SolutionProperties) = preSolution
		HideSolutionNode = FALSE
	EndGlobalSection
	GlobalSection(ExtensibilityGlobals) = postSolution
		SolutionGuid = {E3DB01B2-47D7-4855-8897-163D0E98FC5C}
	EndGlobalSection
EndGlobal
